# .forge-lock.yaml — DO NOT EDIT MANUALLY
# Generated by forge. Changes will be overwritten on sync.
blueprint:
    registry_url: /Users/donaldgifford/code/forge-registry
    name: go-ext
    path: go/ext
created_at: 2026-05-17T16:48:50.594114Z
last_synced: 2026-05-17T16:48:50.594114Z
forge_version: 0.4.1
variables:
    license: Apache-2.0
    project_description: RFC's
    project_name: rfcs
    project_owner: donaldgifford
defaults:
    - path: .checkmake.ini
      source: registry-default
      strategy: overwrite
      hash: sha256:123f1dc4a0f6e608cd57546d72894791ef719ad07cc0fdd53016d57557cb9284
    - path: .claude/settings.json
      source: category-default
      strategy: overwrite
      hash: sha256:e1c704813a7cd6eccc0f86f4aa706f279270a1563360059fc706d81a02b38e3b
    - path: .docz.yaml
      source: category-default
      strategy: overwrite
      hash: sha256:f3fb2387d31e3b07fa2a1efdf3e974814b13113c763a7b82d7425eb2967bbcfc
    - path: .github/labeler.yml
      source: category-default
      strategy: overwrite
      hash: sha256:022ba7cb66a35028e3930d0477233dca98cfec611ac5698670e5e93b0396a3bf
    - path: .github/workflows/pr-labels.yml
      source: category-default
      strategy: overwrite
      hash: sha256:9d0bbe7ec5e56ac192a21ed557d5dc700375c60b555a874bc22c05eb57bd86d4
    - path: .makefmt.yml
      source: registry-default
      strategy: overwrite
      hash: sha256:c56b8f4be0b7722a0e8fda97faf4d8c29e4ff75193acf663bf5a5b0e7fbf4808
    - path: .markdownlint.yaml
      source: registry-default
      strategy: overwrite
      hash: sha256:dc9182bd0b399616bd2b6933eb4b2a756674cedb43dbea914cf61f9180e3fc92
    - path: .prettierrc.yaml
      source: registry-default
      strategy: overwrite
      hash: sha256:402823be7f1d14a6bdd7a8801c6392f7b8e74675e842aa355fccc07766b538d8
    - path: .yamlfmt.yml
      source: registry-default
      strategy: overwrite
      hash: sha256:d214a4f56043cad5e01bd70e3530155df3bf7372bd2571aba87bcee0c1dcca73
    - path: .yamllint.yml
      source: registry-default
      strategy: overwrite
      hash: sha256:3f8575b37ea4a59395110326535d36573208fc6495ac47e357512fa7b8bbf7a9
    - path: .codecov.yml
      source: category-default
      strategy: overwrite
      hash: sha256:6081acf89a7356486744ea90ddaa3daf20dba822209170e00392c255b6cbc7b4
    - path: .github/actionlint.yml
      source: category-default
      strategy: overwrite
      hash: sha256:8d5a2d594e5f08f6b57a814830c9511b1c3c6cb3d1341bc5295e2638f20bd884
    - path: .github/dependabot.yml
      source: category-default
      strategy: overwrite
      hash: sha256:46bf2769823e50c3bcf263246c146eca1bf5e785f907fe5308a2aab902039cca
    - path: .github/licenses-csv.tpl
      source: category-default
      strategy: overwrite
      hash: sha256:181b0c267bcc0c99b7e448de827c3a9a6c65ac4e2755d2529b9985018929b2f7
    - path: .github/workflows/license-check.yml
      source: category-default
      strategy: overwrite
      hash: sha256:4671b90741cc743c3b6bc8d9b6fe132dd1ad4bb2599344c9ebcb2ae62368c106
    - path: .golangci.yml.tmpl
      source: category-default
      strategy: overwrite
      hash: sha256:7a0182968406bfbb8ca6031b4d53bc319e9718e7c53912aad6e18a0d0ba2acce
    - path: .goreleaser.yml.tmpl
      source: category-default
      strategy: overwrite
      hash: sha256:c70310bf03015f3c2b585c0219e9b7406abbb0c6dbc230475ec6731a5f65c413
    - path: Makefile.tmpl
      source: category-default
      strategy: overwrite
      hash: sha256:bf3608fec7f4c1212433da58e5bfc2beddbc6153dcc8dd2985d3b24a768fbfb1
    - path: cmd/${project_name}/main.go.tmpl
      source: category-default
      strategy: overwrite
    - path: justfile.tmpl
      source: category-default
      strategy: overwrite
      hash: sha256:d546d7fb3e036d9536f740684c860b9e0e42a3be2c735ce6eef50b3beee78921
    - path: scripts/labels.sh
      source: category-default
      strategy: overwrite
      hash: sha256:37dead1ff5c5babd978afa02f4a8ac0ddd24396378b6f12cfeb808085accdcb8
